// !$*UTF8*$!
{
	archiveVersion = 1;
	classes = {
	};
	objectVersion = 51;
	objects = {

/* Begin PBXBuildFile section */
		44DD5FF524FFA1B100EFDBD7 /* AppDelegate.swift in Sources */ = {isa = PBXBuildFile; fileRef = 44DD5FF424FFA1B100EFDBD7 /* AppDelegate.swift */; };
		44DD5FF724FFA1B100EFDBD7 /* SceneDelegate.swift in Sources */ = {isa = PBXBuildFile; fileRef = 44DD5FF624FFA1B100EFDBD7 /* SceneDelegate.swift */; };
		44DD5FF924FFA1B100EFDBD7 /* ViewController.swift in Sources */ = {isa = PBXBuildFile; fileRef = 44DD5FF824FFA1B100EFDBD7 /* ViewController.swift */; };
		44DD5FFC24FFA1B100EFDBD7 /* Main.storyboard in Resources */ = {isa = PBXBuildFile; fileRef = 44DD5FFA24FFA1B100EFDBD7 /* Main.storyboard */; };
		44DD5FFE24FFA1B600EFDBD7 /* Assets.xcassets in Resources */ = {isa = PBXBuildFile; fileRef = 44DD5FFD24FFA1B600EFDBD7 /* Assets.xcassets */; };
		44DD600124FFA1B600EFDBD7 /* LaunchScreen.storyboard in Resources */ = {isa = PBXBuildFile; fileRef = 44DD5FFF24FFA1B600EFDBD7 /* LaunchScreen.storyboard */; };
		44DD600C24FFA1B600EFDBD7 /* AttendanceManagementAppTests.swift in Sources */ = {isa = PBXBuildFile; fileRef = 44DD600B24FFA1B600EFDBD7 /* AttendanceManagementAppTests.swift */; };
		44DD601724FFA1B600EFDBD7 /* AttendanceManagementAppUITests.swift in Sources */ = {isa = PBXBuildFile; fileRef = 44DD601624FFA1B600EFDBD7 /* AttendanceManagementAppUITests.swift */; };
		44DD602624FFA2F900EFDBD7 /* R.generated.swift in Sources */ = {isa = PBXBuildFile; fileRef = 44DD602524FFA2F900EFDBD7 /* R.generated.swift */; };
		555D1C1715EF9C15E0F794E4 /* Pods_AttendanceManagementApp_AttendanceManagementAppUITests.framework in Frameworks */ = {isa = PBXBuildFile; fileRef = A44D6DD06E7AD4E32C31A275 /* Pods_AttendanceManagementApp_AttendanceManagementAppUITests.framework */; };
		B0AC52D5AE7DDE58C829198B /* Pods_AttendanceManagementAppTests.framework in Frameworks */ = {isa = PBXBuildFile; fileRef = B19E306289350FC8EDD6892C /* Pods_AttendanceManagementAppTests.framework */; };
		E852FA6CE15981C897FEDBEB /* Pods_AttendanceManagementApp.framework in Frameworks */ = {isa = PBXBuildFile; fileRef = FF592B59DFDA6DB4A11C1361 /* Pods_AttendanceManagementApp.framework */; };
/* End PBXBuildFile section */

/* Begin PBXContainerItemProxy section */
		44DD600824FFA1B600EFDBD7 /* PBXContainerItemProxy */ = {
			isa = PBXContainerItemProxy;
			containerPortal = 44DD5FE924FFA1B100EFDBD7 /* Project object */;
			proxyType = 1;
			remoteGlobalIDString = 44DD5FF024FFA1B100EFDBD7;
			remoteInfo = AttendanceManagementApp;
		};
		44DD601324FFA1B600EFDBD7 /* PBXContainerItemProxy */ = {
			isa = PBXContainerItemProxy;
			containerPortal = 44DD5FE924FFA1B100EFDBD7 /* Project object */;
			proxyType = 1;
			remoteGlobalIDString = 44DD5FF024FFA1B100EFDBD7;
			remoteInfo = AttendanceManagementApp;
		};
/* End PBXContainerItemProxy section */

/* Begin PBXFileReference section */
		0629F5ADC319D5BDE342D47A /* Pods-AttendanceManagementApp-AttendanceManagementAppUITests.release.xcconfig */ = {isa = PBXFileReference; includeInIndex = 1; lastKnownFileType = text.xcconfig; name = "Pods-AttendanceManagementApp-AttendanceManagementAppUITests.release.xcconfig"; path = "Target Support Files/Pods-AttendanceManagementApp-AttendanceManagementAppUITests/Pods-AttendanceManagementApp-AttendanceManagementAppUITests.release.xcconfig"; sourceTree = "<group>"; };
		0FC6B697A549E7ED464A8C7B /* Pods-AttendanceManagementApp.release.xcconfig */ = {isa = PBXFileReference; includeInIndex = 1; lastKnownFileType = text.xcconfig; name = "Pods-AttendanceManagementApp.release.xcconfig"; path = "Target Support Files/Pods-AttendanceManagementApp/Pods-AttendanceManagementApp.release.xcconfig"; sourceTree = "<group>"; };
		44DD5FF124FFA1B100EFDBD7 /* AttendanceManagementApp.app */ = {isa = PBXFileReference; explicitFileType = wrapper.application; includeInIndex = 0; path = AttendanceManagementApp.app; sourceTree = BUILT_PRODUCTS_DIR; };
		44DD5FF424FFA1B100EFDBD7 /* AppDelegate.swift */ = {isa = PBXFileReference; lastKnownFileType = sourcecode.swift; path = AppDelegate.swift; sourceTree = "<group>"; };
		44DD5FF624FFA1B100EFDBD7 /* SceneDelegate.swift */ = {isa = PBXFileReference; lastKnownFileType = sourcecode.swift; path = SceneDelegate.swift; sourceTree = "<group>"; };
		44DD5FF824FFA1B100EFDBD7 /* ViewController.swift */ = {isa = PBXFileReference; lastKnownFileType = sourcecode.swift; path = ViewController.swift; sourceTree = "<group>"; };
		44DD5FFB24FFA1B100EFDBD7 /* Base */ = {isa = PBXFileReference; lastKnownFileType = file.storyboard; name = Base; path = Base.lproj/Main.storyboard; sourceTree = "<group>"; };
		44DD5FFD24FFA1B600EFDBD7 /* Assets.xcassets */ = {isa = PBXFileReference; lastKnownFileType = folder.assetcatalog; path = Assets.xcassets; sourceTree = "<group>"; };
		44DD600024FFA1B600EFDBD7 /* Base */ = {isa = PBXFileReference; lastKnownFileType = file.storyboard; name = Base; path = Base.lproj/LaunchScreen.storyboard; sourceTree = "<group>"; };
		44DD600224FFA1B600EFDBD7 /* Info.plist */ = {isa = PBXFileReference; lastKnownFileType = text.plist.xml; path = Info.plist; sourceTree = "<group>"; };
		44DD600724FFA1B600EFDBD7 /* AttendanceManagementAppTests.xctest */ = {isa = PBXFileReference; explicitFileType = wrapper.cfbundle; includeInIndex = 0; path = AttendanceManagementAppTests.xctest; sourceTree = BUILT_PRODUCTS_DIR; };
		44DD600B24FFA1B600EFDBD7 /* AttendanceManagementAppTests.swift */ = {isa = PBXFileReference; lastKnownFileType = sourcecode.swift; path = AttendanceManagementAppTests.swift; sourceTree = "<group>"; };
		44DD600D24FFA1B600EFDBD7 /* Info.plist */ = {isa = PBXFileReference; lastKnownFileType = text.plist.xml; path = Info.plist; sourceTree = "<group>"; };
		44DD601224FFA1B600EFDBD7 /* AttendanceManagementAppUITests.xctest */ = {isa = PBXFileReference; explicitFileType = wrapper.cfbundle; includeInIndex = 0; path = AttendanceManagementAppUITests.xctest; sourceTree = BUILT_PRODUCTS_DIR; };
		44DD601624FFA1B600EFDBD7 /* AttendanceManagementAppUITests.swift */ = {isa = PBXFileReference; lastKnownFileType = sourcecode.swift; path = AttendanceManagementAppUITests.swift; sourceTree = "<group>"; };
		44DD601824FFA1B600EFDBD7 /* Info.plist */ = {isa = PBXFileReference; lastKnownFileType = text.plist.xml; path = Info.plist; sourceTree = "<group>"; };
		44DD602524FFA2F900EFDBD7 /* R.generated.swift */ = {isa = PBXFileReference; fileEncoding = 4; lastKnownFileType = sourcecode.swift; name = R.generated.swift; path = ../../../R.generated.swift; sourceTree = "<group>"; };
		612DE157B720BB77346A2E80 /* Pods-AttendanceManagementApp.debug.xcconfig */ = {isa = PBXFileReference; includeInIndex = 1; lastKnownFileType = text.xcconfig; name = "Pods-AttendanceManagementApp.debug.xcconfig"; path = "Target Support Files/Pods-AttendanceManagementApp/Pods-AttendanceManagementApp.debug.xcconfig"; sourceTree = "<group>"; };
		650191F33A0FF4259AF1E363 /* Pods-AttendanceManagementApp-AttendanceManagementAppUITests.debug.xcconfig */ = {isa = PBXFileReference; includeInIndex = 1; lastKnownFileType = text.xcconfig; name = "Pods-AttendanceManagementApp-AttendanceManagementAppUITests.debug.xcconfig"; path = "Target Support Files/Pods-AttendanceManagementApp-AttendanceManagementAppUITests/Pods-AttendanceManagementApp-AttendanceManagementAppUITests.debug.xcconfig"; sourceTree = "<group>"; };
		A44D6DD06E7AD4E32C31A275 /* Pods_AttendanceManagementApp_AttendanceManagementAppUITests.framework */ = {isa = PBXFileReference; explicitFileType = wrapper.framework; includeInIndex = 0; path = Pods_AttendanceManagementApp_AttendanceManagementAppUITests.framework; sourceTree = BUILT_PRODUCTS_DIR; };
		B19E306289350FC8EDD6892C /* Pods_AttendanceManagementAppTests.framework */ = {isa = PBXFileReference; explicitFileType = wrapper.framework; includeInIndex = 0; path = Pods_AttendanceManagementAppTests.framework; sourceTree = BUILT_PRODUCTS_DIR; };
		D61F7CCA8DBC76E234EF1A39 /* Pods-AttendanceManagementAppTests.debug.xcconfig */ = {isa = PBXFileReference; includeInIndex = 1; lastKnownFileType = text.xcconfig; name = "Pods-AttendanceManagementAppTests.debug.xcconfig"; path = "Target Support Files/Pods-AttendanceManagementAppTests/Pods-AttendanceManagementAppTests.debug.xcconfig"; sourceTree = "<group>"; };
		F245DFF3A27701F3FB0AB360 /* Pods-AttendanceManagementAppTests.release.xcconfig */ = {isa = PBXFileReference; includeInIndex = 1; lastKnownFileType = text.xcconfig; name = "Pods-AttendanceManagementAppTests.release.xcconfig"; path = "Target Support Files/Pods-AttendanceManagementAppTests/Pods-AttendanceManagementAppTests.release.xcconfig"; sourceTree = "<group>"; };
		FF592B59DFDA6DB4A11C1361 /* Pods_AttendanceManagementApp.framework */ = {isa = PBXFileReference; explicitFileType = wrapper.framework; includeInIndex = 0; path = Pods_AttendanceManagementApp.framework; sourceTree = BUILT_PRODUCTS_DIR; };
/* End PBXFileReference section */

/* Begin PBXFrameworksBuildPhase section */
		44DD5FEE24FFA1B100EFDBD7 /* Frameworks */ = {
			isa = PBXFrameworksBuildPhase;
			buildActionMask = 2147483647;
			files = (
				E852FA6CE15981C897FEDBEB /* Pods_AttendanceManagementApp.framework in Frameworks */,
			);
			runOnlyForDeploymentPostprocessing = 0;
		};
		44DD600424FFA1B600EFDBD7 /* Frameworks */ = {
			isa = PBXFrameworksBuildPhase;
			buildActionMask = 2147483647;
			files = (
				B0AC52D5AE7DDE58C829198B /* Pods_AttendanceManagementAppTests.framework in Frameworks */,
			);
			runOnlyForDeploymentPostprocessing = 0;
		};
		44DD600F24FFA1B600EFDBD7 /* Frameworks */ = {
			isa = PBXFrameworksBuildPhase;
			buildActionMask = 2147483647;
			files = (
				555D1C1715EF9C15E0F794E4 /* Pods_AttendanceManagementApp_AttendanceManagementAppUITests.framework in Frameworks */,
			);
			runOnlyForDeploymentPostprocessing = 0;
		};
/* End PBXFrameworksBuildPhase section */

/* Begin PBXGroup section */
		44DD5FE824FFA1B100EFDBD7 = {
			isa = PBXGroup;
			children = (
				44DD5FF324FFA1B100EFDBD7 /* AttendanceManagementApp */,
				44DD600A24FFA1B600EFDBD7 /* AttendanceManagementAppTests */,
				44DD601524FFA1B600EFDBD7 /* AttendanceManagementAppUITests */,
				44DD5FF224FFA1B100EFDBD7 /* Products */,
				8F21022A1BBB4616A21A0D06 /* Pods */,
				4A085B1674A2D396B6CD7F6B /* Frameworks */,
			);
			sourceTree = "<group>";
		};
		44DD5FF224FFA1B100EFDBD7 /* Products */ = {
			isa = PBXGroup;
			children = (
				44DD5FF124FFA1B100EFDBD7 /* AttendanceManagementApp.app */,
				44DD600724FFA1B600EFDBD7 /* AttendanceManagementAppTests.xctest */,
				44DD601224FFA1B600EFDBD7 /* AttendanceManagementAppUITests.xctest */,
			);
			name = Products;
			sourceTree = "<group>";
		};
		44DD5FF324FFA1B100EFDBD7 /* AttendanceManagementApp */ = {
			isa = PBXGroup;
			children = (
				44DD602524FFA2F900EFDBD7 /* R.generated.swift */,
				44DD5FF424FFA1B100EFDBD7 /* AppDelegate.swift */,
				44DD5FF624FFA1B100EFDBD7 /* SceneDelegate.swift */,
				44DD5FF824FFA1B100EFDBD7 /* ViewController.swift */,
				44DD5FFA24FFA1B100EFDBD7 /* Main.storyboard */,
				44DD5FFD24FFA1B600EFDBD7 /* Assets.xcassets */,
				44DD5FFF24FFA1B600EFDBD7 /* LaunchScreen.storyboard */,
				44DD600224FFA1B600EFDBD7 /* Info.plist */,
			);
			path = AttendanceManagementApp;
			sourceTree = "<group>";
		};
		44DD600A24FFA1B600EFDBD7 /* AttendanceManagementAppTests */ = {
			isa = PBXGroup;
			children = (
				44DD600B24FFA1B600EFDBD7 /* AttendanceManagementAppTests.swift */,
				44DD600D24FFA1B600EFDBD7 /* Info.plist */,
			);
			path = AttendanceManagementAppTests;
			sourceTree = "<group>";
		};
		44DD601524FFA1B600EFDBD7 /* AttendanceManagementAppUITests */ = {
			isa = PBXGroup;
			children = (
				44DD601624FFA1B600EFDBD7 /* AttendanceManagementAppUITests.swift */,
				44DD601824FFA1B600EFDBD7 /* Info.plist */,
			);
			path = AttendanceManagementAppUITests;
			sourceTree = "<group>";
		};
		4A085B1674A2D396B6CD7F6B /* Frameworks */ = {
			isa = PBXGroup;
			children = (
				FF592B59DFDA6DB4A11C1361 /* Pods_AttendanceManagementApp.framework */,
				A44D6DD06E7AD4E32C31A275 /* Pods_AttendanceManagementApp_AttendanceManagementAppUITests.framework */,
				B19E306289350FC8EDD6892C /* Pods_AttendanceManagementAppTests.framework */,
			);
			name = Frameworks;
			sourceTree = "<group>";
		};
		8F21022A1BBB4616A21A0D06 /* Pods */ = {
			isa = PBXGroup;
			children = (
				612DE157B720BB77346A2E80 /* Pods-AttendanceManagementApp.debug.xcconfig */,
				0FC6B697A549E7ED464A8C7B /* Pods-AttendanceManagementApp.release.xcconfig */,
				650191F33A0FF4259AF1E363 /* Pods-AttendanceManagementApp-AttendanceManagementAppUITests.debug.xcconfig */,
				0629F5ADC319D5BDE342D47A /* Pods-AttendanceManagementApp-AttendanceManagementAppUITests.release.xcconfig */,
				D61F7CCA8DBC76E234EF1A39 /* Pods-AttendanceManagementAppTests.debug.xcconfig */,
				F245DFF3A27701F3FB0AB360 /* Pods-AttendanceManagementAppTests.release.xcconfig */,
			);
			path = Pods;
			sourceTree = "<group>";
		};
/* End PBXGroup section */

/* Begin PBXNativeTarget section */
		44DD5FF024FFA1B100EFDBD7 /* AttendanceManagementApp */ = {
			isa = PBXNativeTarget;
			buildConfigurationList = 44DD601B24FFA1B600EFDBD7 /* Build configuration list for PBXNativeTarget "AttendanceManagementApp" */;
			buildPhases = (
				5FEE4C58511C59A3196CC818 /* [CP] Check Pods Manifest.lock */,
				44DD602424FFA28100EFDBD7 /* ShellScript */,
				44DD5FED24FFA1B100EFDBD7 /* Sources */,
				44DD5FEE24FFA1B100EFDBD7 /* Frameworks */,
				44DD5FEF24FFA1B100EFDBD7 /* Resources */,
				26FF659932A0F8A42F69565A /* [CP] Embed Pods Frameworks */,
			);
			buildRules = (
			);
			dependencies = (
			);
			name = AttendanceManagementApp;
			productName = AttendanceManagementApp;
			productReference = 44DD5FF124FFA1B100EFDBD7 /* AttendanceManagementApp.app */;
			productType = "com.apple.product-type.application";
		};
		44DD600624FFA1B600EFDBD7 /* AttendanceManagementAppTests */ = {
			isa = PBXNativeTarget;
			buildConfigurationList = 44DD601E24FFA1B600EFDBD7 /* Build configuration list for PBXNativeTarget "AttendanceManagementAppTests" */;
			buildPhases = (
				5938B0722D53096B56FD2FA9 /* [CP] Check Pods Manifest.lock */,
				44DD600324FFA1B600EFDBD7 /* Sources */,
				44DD600424FFA1B600EFDBD7 /* Frameworks */,
				44DD600524FFA1B600EFDBD7 /* Resources */,
			);
			buildRules = (
			);
			dependencies = (
				44DD600924FFA1B600EFDBD7 /* PBXTargetDependency */,
			);
			name = AttendanceManagementAppTests;
			productName = AttendanceManagementAppTests;
			productReference = 44DD600724FFA1B600EFDBD7 /* AttendanceManagementAppTests.xctest */;
			productType = "com.apple.product-type.bundle.unit-test";
		};
		44DD601124FFA1B600EFDBD7 /* AttendanceManagementAppUITests */ = {
			isa = PBXNativeTarget;
			buildConfigurationList = 44DD602124FFA1B600EFDBD7 /* Build configuration list for PBXNativeTarget "AttendanceManagementAppUITests" */;
			buildPhases = (
				E5E249BAAE06B92E240A1DC0 /* [CP] Check Pods Manifest.lock */,
				44DD600E24FFA1B600EFDBD7 /* Sources */,
				44DD600F24FFA1B600EFDBD7 /* Frameworks */,
				44DD601024FFA1B600EFDBD7 /* Resources */,
				C43DE89962513DB0C5F45ADE /* [CP] Embed Pods Frameworks */,
			);
			buildRules = (
			);
			dependencies = (
				44DD601424FFA1B600EFDBD7 /* PBXTargetDependency */,
			);
			name = AttendanceManagementAppUITests;
			productName = AttendanceManagementAppUITests;
			productReference = 44DD601224FFA1B600EFDBD7 /* AttendanceManagementAppUITests.xctest */;
			productType = "com.apple.product-type.bundle.ui-testing";
		};
/* End PBXNativeTarget section */

/* Begin PBXProject section */
		44DD5FE924FFA1B100EFDBD7 /* Project object */ = {
			isa = PBXProject;
			attributes = {
				LastSwiftUpdateCheck = 1160;
				LastUpgradeCheck = 1160;
				ORGANIZATIONNAME = "工藤海斗";
				TargetAttributes = {
					44DD5FF024FFA1B100EFDBD7 = {
						CreatedOnToolsVersion = 11.6;
					};
					44DD600624FFA1B600EFDBD7 = {
						CreatedOnToolsVersion = 11.6;
						TestTargetID = 44DD5FF024FFA1B100EFDBD7;
					};
					44DD601124FFA1B600EFDBD7 = {
						CreatedOnToolsVersion = 11.6;
						TestTargetID = 44DD5FF024FFA1B100EFDBD7;
					};
				};
			};
			buildConfigurationList = 44DD5FEC24FFA1B100EFDBD7 /* Build configuration list for PBXProject "AttendanceManagementApp" */;
			compatibilityVersion = "Xcode 9.3";
			developmentRegion = en;
			hasScannedForEncodings = 0;
			knownRegions = (
				en,
				Base,
			);
			mainGroup = 44DD5FE824FFA1B100EFDBD7;
			productRefGroup = 44DD5FF224FFA1B100EFDBD7 /* Products */;
			projectDirPath = "";
			projectRoot = "";
			targets = (
				44DD5FF024FFA1B100EFDBD7 /* AttendanceManagementApp */,
				44DD600624FFA1B600EFDBD7 /* AttendanceManagementAppTests */,
				44DD601124FFA1B600EFDBD7 /* AttendanceManagementAppUITests */,
			);
		};
/* End PBXProject section */

/* Begin PBXResourcesBuildPhase section */
		44DD5FEF24FFA1B100EFDBD7 /* Resources */ = {
			isa = PBXResourcesBuildPhase;
			buildActionMask = 2147483647;
			files = (
				44DD600124FFA1B600EFDBD7 /* LaunchScreen.storyboard in Resources */,
				44DD5FFE24FFA1B600EFDBD7 /* Assets.xcassets in Resources */,
				44DD5FFC24FFA1B100EFDBD7 /* Main.storyboard in Resources */,
			);
			runOnlyForDeploymentPostprocessing = 0;
		};
		44DD600524FFA1B600EFDBD7 /* Resources */ = {
			isa = PBXResourcesBuildPhase;
			buildActionMask = 2147483647;
			files = (
			);
			runOnlyForDeploymentPostprocessing = 0;
		};
		44DD601024FFA1B600EFDBD7 /* Resources */ = {
			isa = PBXResourcesBuildPhase;
			buildActionMask = 2147483647;
			files = (
			);
			runOnlyForDeploymentPostprocessing = 0;
		};
/* End PBXResourcesBuildPhase section */

/* Begin PBXShellScriptBuildPhase section */
		26FF659932A0F8A42F69565A /* [CP] Embed Pods Frameworks */ = {
			isa = PBXShellScriptBuildPhase;
			buildActionMask = 2147483647;
			files = (
			);
			inputFileListPaths = (
				"${PODS_ROOT}/Target Support Files/Pods-AttendanceManagementApp/Pods-AttendanceManagementApp-frameworks-${CONFIGURATION}-input-files.xcfilelist",
			);
			name = "[CP] Embed Pods Frameworks";
			outputFileListPaths = (
				"${PODS_ROOT}/Target Support Files/Pods-AttendanceManagementApp/Pods-AttendanceManagementApp-frameworks-${CONFIGURATION}-output-files.xcfilelist",
			);
			runOnlyForDeploymentPostprocessing = 0;
			shellPath = /bin/sh;
			shellScript = "\"${PODS_ROOT}/Target Support Files/Pods-AttendanceManagementApp/Pods-AttendanceManagementApp-frameworks.sh\"\n";
			showEnvVarsInLog = 0;
		};
		44DD602424FFA28100EFDBD7 /* ShellScript */ = {
			isa = PBXShellScriptBuildPhase;
			buildActionMask = 2147483647;
			files = (
			);
			inputFileListPaths = (
			);
			inputPaths = (
				"$TEMP_DIR/rswift-lastrun",
			);
			outputFileListPaths = (
			);
			outputPaths = (
				$SRCROOT/R.generated.swift,
			);
			runOnlyForDeploymentPostprocessing = 0;
			shellPath = /bin/sh;
			shellScript = "# Type a script or drag a script file from your workspace to insert its path.\n\"$PODS_ROOT/R.swift/rswift\" generate \"$SRCROOT/R.generated.swift\"\n";
		};
		5938B0722D53096B56FD2FA9 /* [CP] Check Pods Manifest.lock */ = {
			isa = PBXShellScriptBuildPhase;
			buildActionMask = 2147483647;
			files = (
			);
			inputFileListPaths = (
			);
			inputPaths = (
				"${PODS_PODFILE_DIR_PATH}/Podfile.lock",
				"${PODS_ROOT}/Manifest.lock",
			);
			name = "[CP] Check Pods Manifest.lock";
			outputFileListPaths = (
			);
			outputPaths = (
				"$(DERIVED_FILE_DIR)/Pods-AttendanceManagementAppTests-checkManifestLockResult.txt",
			);
			runOnlyForDeploymentPostprocessing = 0;
			shellPath = /bin/sh;
			shellScript = "diff \"${PODS_PODFILE_DIR_PATH}/Podfile.lock\" \"${PODS_ROOT}/Manifest.lock\" > /dev/null\nif [ $? != 0 ] ; then\n    # print error to STDERR\n    echo \"error: The sandbox is not in sync with the Podfile.lock. Run 'pod install' or update your CocoaPods installation.\" >&2\n    exit 1\nfi\n# This output is used by Xcode 'outputs' to avoid re-running this script phase.\necho \"SUCCESS\" > \"${SCRIPT_OUTPUT_FILE_0}\"\n";
			showEnvVarsInLog = 0;
		};
		5FEE4C58511C59A3196CC818 /* [CP] Check Pods Manifest.lock */ = {
			isa = PBXShellScriptBuildPhase;
			buildActionMask = 2147483647;
			files = (
			);
			inputFileListPaths = (
			);
			inputPaths = (
				"${PODS_PODFILE_DIR_PATH}/Podfile.lock",
				"${PODS_ROOT}/Manifest.lock",
			);
			name = "[CP] Check Pods Manifest.lock";
			outputFileListPaths = (
			);
			outputPaths = (
				"$(DERIVED_FILE_DIR)/Pods-AttendanceManagementApp-checkManifestLockResult.txt",
			);
			runOnlyForDeploymentPostprocessing = 0;
			shellPath = /bin/sh;
			shellScript = "diff \"${PODS_PODFILE_DIR_PATH}/Podfile.lock\" \"${PODS_ROOT}/Manifest.lock\" > /dev/null\nif [ $? != 0 ] ; then\n    # print error to STDERR\n    echo \"error: The sandbox is not in sync with the Podfile.lock. Run 'pod install' or update your CocoaPods installation.\" >&2\n    exit 1\nfi\n# This output is used by Xcode 'outputs' to avoid re-running this script phase.\necho \"SUCCESS\" > \"${SCRIPT_OUTPUT_FILE_0}\"\n";
			showEnvVarsInLog = 0;
		};
		C43DE89962513DB0C5F45ADE /* [CP] Embed Pods Frameworks */ = {
			isa = PBXShellScriptBuildPhase;
			buildActionMask = 2147483647;
			files = (
			);
			inputFileListPaths = (
				"${PODS_ROOT}/Target Support Files/Pods-AttendanceManagementApp-AttendanceManagementAppUITests/Pods-AttendanceManagementApp-AttendanceManagementAppUITests-frameworks-${CONFIGURATION}-input-files.xcfilelist",
			);
			name = "[CP] Embed Pods Frameworks";
			outputFileListPaths = (
				"${PODS_ROOT}/Target Support Files/Pods-AttendanceManagementApp-AttendanceManagementAppUITests/Pods-AttendanceManagementApp-AttendanceManagementAppUITests-frameworks-${CONFIGURATION}-output-files.xcfilelist",
			);
			runOnlyForDeploymentPostprocessing = 0;
			shellPath = /bin/sh;
			shellScript = "\"${PODS_ROOT}/Target Support Files/Pods-AttendanceManagementApp-AttendanceManagementAppUITests/Pods-AttendanceManagementApp-AttendanceManagementAppUITests-frameworks.sh\"\n";
			showEnvVarsInLog = 0;
		};
		E5E249BAAE06B92E240A1DC0 /* [CP] Check Pods Manifest.lock */ = {
			isa = PBXShellScriptBuildPhase;
			buildActionMask = 2147483647;
			files = (
			);
			inputFileListPaths = (
			);
			inputPaths = (
				"${PODS_PODFILE_DIR_PATH}/Podfile.lock",
				"${PODS_ROOT}/Manifest.lock",
			);
			name = "[CP] Check Pods Manifest.lock";
			outputFileListPaths = (
			);
			outputPaths = (
				"$(DERIVED_FILE_DIR)/Pods-AttendanceManagementApp-AttendanceManagementAppUITests-checkManifestLockResult.txt",
			);
			runOnlyForDeploymentPostprocessing = 0;
			shellPath = /bin/sh;
			shellScript = "diff \"${PODS_PODFILE_DIR_PATH}/Podfile.lock\" \"${PODS_ROOT}/Manifest.lock\" > /dev/null\nif [ $? != 0 ] ; then\n    # print error to STDERR\n    echo \"error: The sandbox is not in sync with the Podfile.lock. Run 'pod install' or update your CocoaPods installation.\" >&2\n    exit 1\nfi\n# This output is used by Xcode 'outputs' to avoid re-running this script phase.\necho \"SUCCESS\" > \"${SCRIPT_OUTPUT_FILE_0}\"\n";
			showEnvVarsInLog = 0;
		};
/* End PBXShellScriptBuildPhase section */

/* Begin PBXSourcesBuildPhase section */
		44DD5FED24FFA1B100EFDBD7 /* Sources */ = {
			isa = PBXSourcesBuildPhase;
			buildActionMask = 2147483647;
			files = (
				44DD5FF924FFA1B100EFDBD7 /* ViewController.swift in Sources */,
				44DD5FF524FFA1B100EFDBD7 /* AppDelegate.swift in Sources */,
				44DD5FF724FFA1B100EFDBD7 /* SceneDelegate.swift in Sources */,
				44DD602624FFA2F900EFDBD7 /* R.generated.swift in Sources */,
			);
			runOnlyForDeploymentPostprocessing = 0;
		};
		44DD600324FFA1B600EFDBD7 /* Sources */ = {
			isa = PBXSourcesBuildPhase;
			buildActionMask = 2147483647;
			files = (
				44DD600C24FFA1B600EFDBD7 /* AttendanceManagementAppTests.swift in Sources */,
			);
			runOnlyForDeploymentPostprocessing = 0;
		};
		44DD600E24FFA1B600EFDBD7 /* Sources */ = {
			isa = PBXSourcesBuildPhase;
			buildActionMask = 2147483647;
			files = (
				44DD601724FFA1B600EFDBD7 /* AttendanceManagementAppUITests.swift in Sources */,
			);
			runOnlyForDeploymentPostprocessing = 0;
		};
/* End PBXSourcesBuildPhase section */

/* Begin PBXTargetDependency section */
		44DD600924FFA1B600EFDBD7 /* PBXTargetDependency */ = {
			isa = PBXTargetDependency;
			target = 44DD5FF024FFA1B100EFDBD7 /* AttendanceManagementApp */;
			targetProxy = 44DD600824FFA1B600EFDBD7 /* PBXContainerItemProxy */;
		};
		44DD601424FFA1B600EFDBD7 /* PBXTargetDependency */ = {
			isa = PBXTargetDependency;
			target = 44DD5FF024FFA1B100EFDBD7 /* AttendanceManagementApp */;
			targetProxy = 44DD601324FFA1B600EFDBD7 /* PBXContainerItemProxy */;
		};
/* End PBXTargetDependency section */

/* Begin PBXVariantGroup section */
		44DD5FFA24FFA1B100EFDBD7 /* Main.storyboard */ = {
			isa = PBXVariantGroup;
			children = (
				44DD5FFB24FFA1B100EFDBD7 /* Base */,
			);
			name = Main.storyboard;
			sourceTree = "<group>";
		};
		44DD5FFF24FFA1B600EFDBD7 /* LaunchScreen.storyboard */ = {
			isa = PBXVariantGroup;
			children = (
				44DD600024FFA1B600EFDBD7 /* Base */,
			);
			name = LaunchScreen.storyboard;
			sourceTree = "<group>";
		};
/* End PBXVariantGroup section */

/* Begin XCBuildConfiguration section */
		44DD601924FFA1B600EFDBD7 /* Debug */ = {
			isa = XCBuildConfiguration;
			buildSettings = {
				ALWAYS_SEARCH_USER_PATHS = NO;
				CLANG_ANALYZER_NONNULL = YES;
				CLANG_ANALYZER_NUMBER_OBJECT_CONVERSION = YES_AGGRESSIVE;
				CLANG_CXX_LANGUAGE_STANDARD = "gnu++14";
				CLANG_CXX_LIBRARY = "libc++";
				CLANG_ENABLE_MODULES = YES;
				CLANG_ENABLE_OBJC_ARC = YES;
				CLANG_ENABLE_OBJC_WEAK = YES;
				CLANG_WARN_BLOCK_CAPTURE_AUTORELEASING = YES;
				CLANG_WARN_BOOL_CONVERSION = YES;
				CLANG_WARN_COMMA = YES;
				CLANG_WARN_CONSTANT_CONVERSION = YES;
				CLANG_WARN_DEPRECATED_OBJC_IMPLEMENTATIONS = YES;
				CLANG_WARN_DIRECT_OBJC_ISA_USAGE = YES_ERROR;
				CLANG_WARN_DOCUMENTATION_COMMENTS = YES;
				CLANG_WARN_EMPTY_BODY = YES;
				CLANG_WARN_ENUM_CONVERSION = YES;
				CLANG_WARN_INFINITE_RECURSION = YES;
				CLANG_WARN_INT_CONVERSION = YES;
				CLANG_WARN_NON_LITERAL_NULL_CONVERSION = YES;
				CLANG_WARN_OBJC_IMPLICIT_RETAIN_SELF = YES;
				CLANG_WARN_OBJC_LITERAL_CONVERSION = YES;
				CLANG_WARN_OBJC_ROOT_CLASS = YES_ERROR;
				CLANG_WARN_RANGE_LOOP_ANALYSIS = YES;
				CLANG_WARN_STRICT_PROTOTYPES = YES;
				CLANG_WARN_SUSPICIOUS_MOVE = YES;
				CLANG_WARN_UNGUARDED_AVAILABILITY = YES_AGGRESSIVE;
				CLANG_WARN_UNREACHABLE_CODE = YES;
				CLANG_WARN__DUPLICATE_METHOD_MATCH = YES;
				COPY_PHASE_STRIP = NO;
				DEBUG_INFORMATION_FORMAT = dwarf;
				ENABLE_STRICT_OBJC_MSGSEND = YES;
				ENABLE_TESTABILITY = YES;
				GCC_C_LANGUAGE_STANDARD = gnu11;
				GCC_DYNAMIC_NO_PIC = NO;
				GCC_NO_COMMON_BLOCKS = YES;
				GCC_OPTIMIZATION_LEVEL = 0;
				GCC_PREPROCESSOR_DEFINITIONS = (
					"DEBUG=1",
					"$(inherited)",
				);
				GCC_WARN_64_TO_32_BIT_CONVERSION = YES;
				GCC_WARN_ABOUT_RETURN_TYPE = YES_ERROR;
				GCC_WARN_UNDECLARED_SELECTOR = YES;
				GCC_WARN_UNINITIALIZED_AUTOS = YES_AGGRESSIVE;
				GCC_WARN_UNUSED_FUNCTION = YES;
				GCC_WARN_UNUSED_VARIABLE = YES;
				IPHONEOS_DEPLOYMENT_TARGET = 13.6;
				MTL_ENABLE_DEBUG_INFO = INCLUDE_SOURCE;
				MTL_FAST_MATH = YES;
				ONLY_ACTIVE_ARCH = YES;
				SDKROOT = iphoneos;
				SWIFT_ACTIVE_COMPILATION_CONDITIONS = DEBUG;
				SWIFT_OPTIMIZATION_LEVEL = "-Onone";
			};
			name = Debug;
		};
		44DD601A24FFA1B600EFDBD7 /* Release */ = {
			isa = XCBuildConfiguration;
			buildSettings = {
				ALWAYS_SEARCH_USER_PATHS = NO;
				CLANG_ANALYZER_NONNULL = YES;
				CLANG_ANALYZER_NUMBER_OBJECT_CONVERSION = YES_AGGRESSIVE;
				CLANG_CXX_LANGUAGE_STANDARD = "gnu++14";
				CLANG_CXX_LIBRARY = "libc++";
				CLANG_ENABLE_MODULES = YES;
				CLANG_ENABLE_OBJC_ARC = YES;
				CLANG_ENABLE_OBJC_WEAK = YES;
				CLANG_WARN_BLOCK_CAPTURE_AUTORELEASING = YES;
				CLANG_WARN_BOOL_CONVERSION = YES;
				CLANG_WARN_COMMA = YES;
				CLANG_WARN_CONSTANT_CONVERSION = YES;
				CLANG_WARN_DEPRECATED_OBJC_IMPLEMENTATIONS = YES;
				CLANG_WARN_DIRECT_OBJC_ISA_USAGE = YES_ERROR;
				CLANG_WARN_DOCUMENTATION_COMMENTS = YES;
				CLANG_WARN_EMPTY_BODY = YES;
				CLANG_WARN_ENUM_CONVERSION = YES;
				CLANG_WARN_INFINITE_RECURSION = YES;
				CLANG_WARN_INT_CONVERSION = YES;
				CLANG_WARN_NON_LITERAL_NULL_CONVERSION = YES;
				CLANG_WARN_OBJC_IMPLICIT_RETAIN_SELF = YES;
				CLANG_WARN_OBJC_LITERAL_CONVERSION = YES;
				CLANG_WARN_OBJC_ROOT_CLASS = YES_ERROR;
				CLANG_WARN_RANGE_LOOP_ANALYSIS = YES;
				CLANG_WARN_STRICT_PROTOTYPES = YES;
				CLANG_WARN_SUSPICIOUS_MOVE = YES;
				CLANG_WARN_UNGUARDED_AVAILABILITY = YES_AGGRESSIVE;
				CLANG_WARN_UNREACHABLE_CODE = YES;
				CLANG_WARN__DUPLICATE_METHOD_MATCH = YES;
				COPY_PHASE_STRIP = NO;
				DEBUG_INFORMATION_FORMAT = "dwarf-with-dsym";
				ENABLE_NS_ASSERTIONS = NO;
				ENABLE_STRICT_OBJC_MSGSEND = YES;
				GCC_C_LANGUAGE_STANDARD = gnu11;
				GCC_NO_COMMON_BLOCKS = YES;
				GCC_WARN_64_TO_32_BIT_CONVERSION = YES;
				GCC_WARN_ABOUT_RETURN_TYPE = YES_ERROR;
				GCC_WARN_UNDECLARED_SELECTOR = YES;
				GCC_WARN_UNINITIALIZED_AUTOS = YES_AGGRESSIVE;
				GCC_WARN_UNUSED_FUNCTION = YES;
				GCC_WARN_UNUSED_VARIABLE = YES;
				IPHONEOS_DEPLOYMENT_TARGET = 13.6;
				MTL_ENABLE_DEBUG_INFO = NO;
				MTL_FAST_MATH = YES;
				SDKROOT = iphoneos;
				SWIFT_COMPILATION_MODE = wholemodule;
				SWIFT_OPTIMIZATION_LEVEL = "-O";
				VALIDATE_PRODUCT = YES;
			};
			name = Release;
		};
		44DD601C24FFA1B600EFDBD7 /* Debug */ = {
			isa = XCBuildConfiguration;
			baseConfigurationReference = 612DE157B720BB77346A2E80 /* Pods-AttendanceManagementApp.debug.xcconfig */;
			buildSettings = {
				ASSETCATALOG_COMPILER_APPICON_NAME = AppIcon;
				CODE_SIGN_STYLE = Automatic;
				DEVELOPMENT_TEAM = DX3FKMWYLL;
				INFOPLIST_FILE = AttendanceManagementApp/Info.plist;
				LD_RUNPATH_SEARCH_PATHS = (
					"$(inherited)",
					"@executable_path/Frameworks",
				);
				PRODUCT_BUNDLE_IDENTIFIER = com.icloud.kaitokudou2468110921.AttendanceManagementApp;
				PRODUCT_NAME = "$(TARGET_NAME)";
				SWIFT_VERSION = 5.0;
				TARGETED_DEVICE_FAMILY = "1,2";
			};
			name = Debug;
		};
		44DD601D24FFA1B600EFDBD7 /* Release */ = {
			isa = XCBuildConfiguration;
			baseConfigurationReference = 0FC6B697A549E7ED464A8C7B /* Pods-AttendanceManagementApp.release.xcconfig */;
			buildSettings = {
				ASSETCATALOG_COMPILER_APPICON_NAME = AppIcon;
				CODE_SIGN_STYLE = Automatic;
				DEVELOPMENT_TEAM = DX3FKMWYLL;
				INFOPLIST_FILE = AttendanceManagementApp/Info.plist;
				LD_RUNPATH_SEARCH_PATHS = (
					"$(inherited)",
					"@executable_path/Frameworks",
				);
				PRODUCT_BUNDLE_IDENTIFIER = com.icloud.kaitokudou2468110921.AttendanceManagementApp;
				PRODUCT_NAME = "$(TARGET_NAME)";
				SWIFT_VERSION = 5.0;
				TARGETED_DEVICE_FAMILY = "1,2";
			};
			name = Release;
		};
		44DD601F24FFA1B600EFDBD7 /* Debug */ = {
			isa = XCBuildConfiguration;
			baseConfigurationReference = D61F7CCA8DBC76E234EF1A39 /* Pods-AttendanceManagementAppTests.debug.xcconfig */;
			buildSettings = {
				ALWAYS_EMBED_SWIFT_STANDARD_LIBRARIES = YES;
				BUNDLE_LOADER = "$(TEST_HOST)";
				CODE_SIGN_STYLE = Automatic;
				DEVELOPMENT_TEAM = DX3FKMWYLL;
				INFOPLIST_FILE = AttendanceManagementAppTests/Info.plist;
				IPHONEOS_DEPLOYMENT_TARGET = 13.6;
				LD_RUNPATH_SEARCH_PATHS = (
					"$(inherited)",
					"@executable_path/Frameworks",
					"@loader_path/Frameworks",
				);
				PRODUCT_BUNDLE_IDENTIFIER = com.icloud.kaitokudou2468110921.AttendanceManagementAppTests;
				PRODUCT_NAME = "$(TARGET_NAME)";
				SWIFT_VERSION = 5.0;
				TARGETED_DEVICE_FAMILY = "1,2";
				TEST_HOST = "$(BUILT_PRODUCTS_DIR)/AttendanceManagementApp.app/AttendanceManagementApp";
			};
			name = Debug;
		};
		44DD602024FFA1B600EFDBD7 /* Release */ = {
			isa = XCBuildConfiguration;
			baseConfigurationReference = F245DFF3A27701F3FB0AB360 /* Pods-AttendanceManagementAppTests.release.xcconfig */;
			buildSettings = {
				ALWAYS_EMBED_SWIFT_STANDARD_LIBRARIES = YES;
				BUNDLE_LOADER = "$(TEST_HOST)";
				CODE_SIGN_STYLE = Automatic;
				DEVELOPMENT_TEAM = DX3FKMWYLL;
				INFOPLIST_FILE = AttendanceManagementAppTests/Info.plist;
				IPHONEOS_DEPLOYMENT_TARGET = 13.6;
				LD_RUNPATH_SEARCH_PATHS = (
					"$(inherited)",
					"@executable_path/Frameworks",
					"@loader_path/Frameworks",
				);
				PRODUCT_BUNDLE_IDENTIFIER = com.icloud.kaitokudou2468110921.AttendanceManagementAppTests;
				PRODUCT_NAME = "$(TARGET_NAME)";
				SWIFT_VERSION = 5.0;
				TARGETED_DEVICE_FAMILY = "1,2";
				TEST_HOST = "$(BUILT_PRODUCTS_DIR)/AttendanceManagementApp.app/AttendanceManagementApp";
			};
			name = Release;
		};
		44DD602224FFA1B600EFDBD7 /* Debug */ = {
			isa = XCBuildConfiguration;
			baseConfigurationReference = 650191F33A0FF4259AF1E363 /* Pods-AttendanceManagementApp-AttendanceManagementAppUITests.debug.xcconfig */;
			buildSettings = {
				ALWAYS_EMBED_SWIFT_STANDARD_LIBRARIES = YES;
				CODE_SIGN_STYLE = Automatic;
				DEVELOPMENT_TEAM = DX3FKMWYLL;
				INFOPLIST_FILE = AttendanceManagementAppUITests/Info.plist;
				LD_RUNPATH_SEARCH_PATHS = (
					"$(inherited)",
					"@executable_path/Frameworks",
					"@loader_path/Frameworks",
				);
				PRODUCT_BUNDLE_IDENTIFIER = com.icloud.kaitokudou2468110921.AttendanceManagementAppUITests;
				PRODUCT_NAME = "$(TARGET_NAME)";
				SWIFT_VERSION = 5.0;
				TARGETED_DEVICE_FAMILY = "1,2";
				TEST_TARGET_NAME = AttendanceManagementApp;
			};
			name = Debug;
		};
		44DD602324FFA1B600EFDBD7 /* Release */ = {
			isa = XCBuildConfiguration;
			baseConfigurationReference = 0629F5ADC319D5BDE342D47A /* Pods-AttendanceManagementApp-AttendanceManagementAppUITests.release.xcconfig */;
			buildSettings = {
				ALWAYS_EMBED_SWIFT_STANDARD_LIBRARIES = YES;
				CODE_SIGN_STYLE = Automatic;
				DEVELOPMENT_TEAM = DX3FKMWYLL;
				INFOPLIST_FILE = AttendanceManagementAppUITests/Info.plist;
				LD_RUNPATH_SEARCH_PATHS = (
					"$(inherited)",
					"@executable_path/Frameworks",
					"@loader_path/Frameworks",
				);
				PRODUCT_BUNDLE_IDENTIFIER = com.icloud.kaitokudou2468110921.AttendanceManagementAppUITests;
				PRODUCT_NAME = "$(TARGET_NAME)";
				SWIFT_VERSION = 5.0;
				TARGETED_DEVICE_FAMILY = "1,2";
				TEST_TARGET_NAME = AttendanceManagementApp;
			};
			name = Release;
		};
/* End XCBuildConfiguration section */

/* Begin XCConfigurationList section */
		44DD5FEC24FFA1B100EFDBD7 /* Build configuration list for PBXProject "AttendanceManagementApp" */ = {
			isa = XCConfigurationList;
			buildConfigurations = (
				44DD601924FFA1B600EFDBD7 /* Debug */,
				44DD601A24FFA1B600EFDBD7 /* Release */,
			);
			defaultConfigurationIsVisible = 0;
			defaultConfigurationName = Release;
		};
		44DD601B24FFA1B600EFDBD7 /* Build configuration list for PBXNativeTarget "AttendanceManagementApp" */ = {
			isa = XCConfigurationList;
			buildConfigurations = (
				44DD601C24FFA1B600EFDBD7 /* Debug */,
				44DD601D24FFA1B600EFDBD7 /* Release */,
			);
			defaultConfigurationIsVisible = 0;
			defaultConfigurationName = Release;
		};
		44DD601E24FFA1B600EFDBD7 /* Build configuration list for PBXNativeTarget "AttendanceManagementAppTests" */ = {
			isa = XCConfigurationList;
			buildConfigurations = (
				44DD601F24FFA1B600EFDBD7 /* Debug */,
				44DD602024FFA1B600EFDBD7 /* Release */,
			);
			defaultConfigurationIsVisible = 0;
			defaultConfigurationName = Release;
		};
		44DD602124FFA1B600EFDBD7 /* Build configuration list for PBXNativeTarget "AttendanceManagementAppUITests" */ = {
			isa = XCConfigurationList;
			buildConfigurations = (
				44DD602224FFA1B600EFDBD7 /* Debug */,
				44DD602324FFA1B600EFDBD7 /* Release */,
			);
			defaultConfigurationIsVisible = 0;
			defaultConfigurationName = Release;
		};
/* End XCConfigurationList section */
	};
	rootObject = 44DD5FE924FFA1B100EFDBD7 /* Project object */;
}
